
Microsoft Visual Studio Solution File, Format Version 12.00
# Visual Studio Version 17
VisualStudioVersion = 17.8.34316.72
MinimumVisualStudioVersion = 10.0.40219.1
Project("{FAE04EC0-301F-11D3-BF4B-00C04F79EFBC}") = "DataverseSolutionLayersManager", "DataverseSolutionLayersManager.csproj", "{3D6967DA-36E3-4250-87BF-75EFB9BBD749}"
EndProject
Global
	GlobalSection(SolutionConfigurationPlatforms) = preSolution
		Debug|Any CPU = Debug|Any CPU
		Release|Any CPU = Release|Any CPU
	EndGlobalSection
	GlobalSection(ProjectConfigurationPlatforms) = postSolution
		{3D6967DA-36E3-4250-87BF-75EFB9BBD749}.Debug|Any CPU.ActiveCfg = Debug|Any CPU
		{3D6967DA-36E3-4250-87BF-75EFB9BBD749}.Debug|Any CPU.Build.0 = Debug|Any CPU
		{3D6967DA-36E3-4250-87BF-75EFB9BBD749}.Release|Any CPU.ActiveCfg = Release|Any CPU
		{3D6967DA-36E3-4250-87BF-75EFB9BBD749}.Release|Any CPU.Build.0 = Release|Any CPU
	EndGlobalSection
	GlobalSection(SolutionProperties) = preSolution
		HideSolutionNode = FALSE
	EndGlobalSection
	GlobalSection(ExtensibilityGlobals) = postSolution
		SolutionGuid = {3876D5F8-8204-4960-A5A4-3DA04B0840C2}
	EndGlobalSection
EndGlobal
